{
  "name": "@whide/hwhile-run",
  "version": "1.0.0",
  "lockfileVersion": 1,
  "requires": true,
  "dependencies": {
    "@whide/hwhile-wrapper": {
      "version": "1.5.3",
      "resolved": "https://registry.npmjs.org/@whide/hwhile-wrapper/-/hwhile-wrapper-1.5.3.tgz",
      "integrity": "sha512-RIaOHn8JjS717Pf2jlx2oWP1R/VSv1SCzZkmZ10+vfxE/2dWAHrUGAvVuPLA9ZfHOnxOVp/oAtA3nZgeyZeuhA=="
    }
  }
}
