{
  "name": "@whide/hwhile-run",
  "version": "1.0.0",
  "lockfileVersion": 1,
  "requires": true,
  "dependencies": {
    "@whide/hwhile-wrapper": {
      "version": "1.4.0",
      "resolved": "https://registry.npmjs.org/@whide/hwhile-wrapper/-/hwhile-wrapper-1.4.0.tgz",
      "integrity": "sha512-WDz+mA9l9Q0EQMlt7NIIFy5gDRXETc4gi8AIxCRvGTEmSXWVvbD7QfPEDLwaZ1ZWDaML7rdWw8PnhpbOnPLooA=="
    }
  }
}
