{
  "name": "@whide/hwhile-run",
  "version": "1.0.0",
  "lockfileVersion": 1,
  "requires": true,
  "dependencies": {
    "@whide/hwhile-wrapper": {
      "version": "1.7.0",
      "resolved": "https://registry.npmjs.org/@whide/hwhile-wrapper/-/hwhile-wrapper-1.7.0.tgz",
      "integrity": "sha512-0s8Cv6JdDfiCu4ZmzKsAQDCFGm4fHmKNZAnNAmhCcmqdfqSl9RW/iDKqFZiqqWqaL6ZvcdDbmMONPY5zmV2O1g==",
      "requires": {
        "@whide/tree-lang": "^1.5.2"
      }
    },
    "@whide/tree-lang": {
      "version": "1.5.2",
      "resolved": "https://registry.npmjs.org/@whide/tree-lang/-/tree-lang-1.5.2.tgz",
      "integrity": "sha512-1hpt8dLXEHDzJSy/qHHAk7FV4gzSK9Y1qbiJA8/jEI+gP8BRbhk3FVijycA1W4I1wOTTp4usIvXtvYDxsrqzVw=="
    }
  }
}
