{
  "name": "@whide/converter-plugin",
  "version": "1.0.0",
  "lockfileVersion": 1,
  "requires": true,
  "dependencies": {
    "@whide/hwhile-wrapper": {
      "version": "1.4.0",
      "resolved": "https://registry.npmjs.org/@whide/hwhile-wrapper/-/hwhile-wrapper-1.4.0.tgz",
      "integrity": "sha512-WDz+mA9l9Q0EQMlt7NIIFy5gDRXETc4gi8AIxCRvGTEmSXWVvbD7QfPEDLwaZ1ZWDaML7rdWw8PnhpbOnPLooA=="
    },
    "@whide/whide-types": {
      "version": "1.0.1",
      "resolved": "https://registry.npmjs.org/@whide/whide-types/-/whide-types-1.0.1.tgz",
      "integrity": "sha512-hszstN3BO0ec4xL3L3Lh1qRgd0i2DKBcvahf4wE/X12gtWNAXUtzObl5/oPD4MFXQgv4g8fIJg+zPRqJfE1/IQ==",
      "dev": true,
      "requires": {
        "@whide/hwhile-wrapper": "^1.4.0",
        "filer": "^1.2.0"
      }
    },
    "balanced-match": {
      "version": "1.0.0",
      "resolved": "https://registry.npmjs.org/balanced-match/-/balanced-match-1.0.0.tgz",
      "integrity": "sha1-ibTRmasr7kneFk6gK4nORi1xt2c=",
      "dev": true
    },
    "brace-expansion": {
      "version": "1.1.11",
      "resolved": "https://registry.npmjs.org/brace-expansion/-/brace-expansion-1.1.11.tgz",
      "integrity": "sha512-iCuPHDFgrHX7H2vEI/5xpz07zSHB00TpugqhmYtVmMO6518mCuRMoOYFldEBl0g187ufozdaHgWKcYFb61qGiA==",
      "dev": true,
      "requires": {
        "balanced-match": "^1.0.0",
        "concat-map": "0.0.1"
      }
    },
    "concat-map": {
      "version": "0.0.1",
      "resolved": "https://registry.npmjs.org/concat-map/-/concat-map-0.0.1.tgz",
      "integrity": "sha1-2Klr13/Wjfd5OnMDajug1UBdR3s=",
      "dev": true
    },
    "es6-promisify": {
      "version": "6.1.1",
      "resolved": "https://registry.npmjs.org/es6-promisify/-/es6-promisify-6.1.1.tgz",
      "integrity": "sha512-HBL8I3mIki5C1Cc9QjKUenHtnG0A5/xA8Q/AllRcfiwl2CZFXGK7ddBiCoRwAix4i2KxcQfjtIVcrVbB3vbmwg==",
      "dev": true
    },
    "filer": {
      "version": "1.2.0",
      "resolved": "https://registry.npmjs.org/filer/-/filer-1.2.0.tgz",
      "integrity": "sha512-rizP07I7Sf8MYzrQESIzrTCrwifjkuIOEfbCVr3axN+GpIQ6E/uyf68pfMF3XBJO0yCPaCJ0Mzn9v9g+0NrKdA==",
      "dev": true,
      "requires": {
        "es6-promisify": "^6.1.0",
        "minimatch": "^3.0.4"
      }
    },
    "minimatch": {
      "version": "3.0.4",
      "resolved": "https://registry.npmjs.org/minimatch/-/minimatch-3.0.4.tgz",
      "integrity": "sha512-yJHVQEhyqPLUTgt9B83PXu6W3rx4MvvHvSUvToogpwoGDOUQ+yDrR0HRot+yOCdCO7u4hX3pWft6kWBBcqh0UA==",
      "dev": true,
      "requires": {
        "brace-expansion": "^1.1.7"
      }
    }
  }
}
